
Microsoft Visual Studio Solution File, Format Version 12.00
# Visual Studio Version 17
VisualStudioVersion = 17.13.35806.99 d17.13
MinimumVisualStudioVersion = 10.0.40219.1
Project("{FAE04EC0-301F-11D3-BF4B-00C04F79EFBC}") = "S2-L3", "S2-L3.csproj", "{5FE001F5-4D44-AE91-195C-C299DFBF5F7F}"
EndProject
Global
	GlobalSection(SolutionConfigurationPlatforms) = preSolution
		Debug|Any CPU = Debug|Any CPU
		Release|Any CPU = Release|Any CPU
	EndGlobalSection
	GlobalSection(ProjectConfigurationPlatforms) = postSolution
		{5FE001F5-4D44-AE91-195C-C299DFBF5F7F}.Debug|Any CPU.ActiveCfg = Debug|Any CPU
		{5FE001F5-4D44-AE91-195C-C299DFBF5F7F}.Debug|Any CPU.Build.0 = Debug|Any CPU
		{5FE001F5-4D44-AE91-195C-C299DFBF5F7F}.Release|Any CPU.ActiveCfg = Release|Any CPU
		{5FE001F5-4D44-AE91-195C-C299DFBF5F7F}.Release|Any CPU.Build.0 = Release|Any CPU
	EndGlobalSection
	GlobalSection(SolutionProperties) = preSolution
		HideSolutionNode = FALSE
	EndGlobalSection
	GlobalSection(ExtensibilityGlobals) = postSolution
		SolutionGuid = {B68B48E6-37FC-44C1-A53C-7FD5BD4DE77D}
	EndGlobalSection
EndGlobal
